
Microsoft Visual Studio Solution File, Format Version 12.00
# Visual Studio Version 17
VisualStudioVersion = 17.7.34202.233
MinimumVisualStudioVersion = 10.0.40219.1
Project("{FAE04EC0-301F-11D3-BF4B-00C04F79EFBC}") = "Muresan_Tudor_Lab1", "Muresan_Tudor_Lab1\Muresan_Tudor_Lab1.csproj", "{3304AEA2-275E-44E8-A434-B252201D841B}"
EndProject
Global
	GlobalSection(SolutionConfigurationPlatforms) = preSolution
		Debug|Any CPU = Debug|Any CPU
		Release|Any CPU = Release|Any CPU
	EndGlobalSection
	GlobalSection(ProjectConfigurationPlatforms) = postSolution
		{3304AEA2-275E-44E8-A434-B252201D841B}.Debug|Any CPU.ActiveCfg = Debug|Any CPU
		{3304AEA2-275E-44E8-A434-B252201D841B}.Debug|Any CPU.Build.0 = Debug|Any CPU
		{3304AEA2-275E-44E8-A434-B252201D841B}.Release|Any CPU.ActiveCfg = Release|Any CPU
		{3304AEA2-275E-44E8-A434-B252201D841B}.Release|Any CPU.Build.0 = Release|Any CPU
	EndGlobalSection
	GlobalSection(SolutionProperties) = preSolution
		HideSolutionNode = FALSE
	EndGlobalSection
	GlobalSection(ExtensibilityGlobals) = postSolution
		SolutionGuid = {16F66EAB-7532-4D80-B5DA-0DB88D7C42DA}
	EndGlobalSection
EndGlobal
